
Microsoft Visual Studio Solution File, Format Version 12.00
# Visual Studio Version 17
VisualStudioVersion = 17.3.32901.215
MinimumVisualStudioVersion = 10.0.40219.1
Project("{FAE04EC0-301F-11D3-BF4B-00C04F79EFBC}") = "Make", "Make\Make.csproj", "{8C6631BF-7C92-4304-8391-C322053320B4}"
EndProject
Global
	GlobalSection(SolutionConfigurationPlatforms) = preSolution
		Debug|Any CPU = Debug|Any CPU
		Release|Any CPU = Release|Any CPU
	EndGlobalSection
	GlobalSection(ProjectConfigurationPlatforms) = postSolution
		{8C6631BF-7C92-4304-8391-C322053320B4}.Debug|Any CPU.ActiveCfg = Debug|Any CPU
		{8C6631BF-7C92-4304-8391-C322053320B4}.Debug|Any CPU.Build.0 = Debug|Any CPU
		{8C6631BF-7C92-4304-8391-C322053320B4}.Release|Any CPU.ActiveCfg = Release|Any CPU
		{8C6631BF-7C92-4304-8391-C322053320B4}.Release|Any CPU.Build.0 = Release|Any CPU
	EndGlobalSection
	GlobalSection(SolutionProperties) = preSolution
		HideSolutionNode = FALSE
	EndGlobalSection
	GlobalSection(ExtensibilityGlobals) = postSolution
		SolutionGuid = {BD84C275-5912-4B52-9034-28F7621AC85F}
	EndGlobalSection
EndGlobal
